
Microsoft Visual Studio Solution File, Format Version 12.00
# Visual Studio Version 16
VisualStudioVersion = 16.0.31112.23
MinimumVisualStudioVersion = 10.0.40219.1
Project("{FAE04EC0-301F-11D3-BF4B-00C04F79EFBC}") = "PCR", "PCR\PCR.csproj", "{C5BCF709-4802-4909-98EE-FFAA94DBE72E}"
EndProject
Global
	GlobalSection(SolutionConfigurationPlatforms) = preSolution
		Debug|Any CPU = Debug|Any CPU
		Release|Any CPU = Release|Any CPU
	EndGlobalSection
	GlobalSection(ProjectConfigurationPlatforms) = postSolution
		{C5BCF709-4802-4909-98EE-FFAA94DBE72E}.Debug|Any CPU.ActiveCfg = Debug|Any CPU
		{C5BCF709-4802-4909-98EE-FFAA94DBE72E}.Debug|Any CPU.Build.0 = Debug|Any CPU
		{C5BCF709-4802-4909-98EE-FFAA94DBE72E}.Release|Any CPU.ActiveCfg = Release|Any CPU
		{C5BCF709-4802-4909-98EE-FFAA94DBE72E}.Release|Any CPU.Build.0 = Release|Any CPU
	EndGlobalSection
	GlobalSection(SolutionProperties) = preSolution
		HideSolutionNode = FALSE
	EndGlobalSection
	GlobalSection(ExtensibilityGlobals) = postSolution
		SolutionGuid = {95B2E92B-0AC9-4EF2-9674-10CD0EB4521F}
	EndGlobalSection
EndGlobal
